
Microsoft Visual Studio Solution File, Format Version 12.00
# Visual Studio 15
VisualStudioVersion = 15.0.26730.16
MinimumVisualStudioVersion = 10.0.40219.1
Project("{FAE04EC0-301F-11D3-BF4B-00C04F79EFBC}") = "SoloLearn Coding Challenges", "SoloLearn Coding Challenges\SoloLearn Coding Challenges.csproj", "{4DE1C2F3-3A96-4234-8CDA-65609B58063E}"
EndProject
Global
	GlobalSection(SolutionConfigurationPlatforms) = preSolution
		Debug|Any CPU = Debug|Any CPU
		Release|Any CPU = Release|Any CPU
	EndGlobalSection
	GlobalSection(ProjectConfigurationPlatforms) = postSolution
		{4DE1C2F3-3A96-4234-8CDA-65609B58063E}.Debug|Any CPU.ActiveCfg = Debug|Any CPU
		{4DE1C2F3-3A96-4234-8CDA-65609B58063E}.Debug|Any CPU.Build.0 = Debug|Any CPU
		{4DE1C2F3-3A96-4234-8CDA-65609B58063E}.Release|Any CPU.ActiveCfg = Release|Any CPU
		{4DE1C2F3-3A96-4234-8CDA-65609B58063E}.Release|Any CPU.Build.0 = Release|Any CPU
	EndGlobalSection
	GlobalSection(SolutionProperties) = preSolution
		HideSolutionNode = FALSE
	EndGlobalSection
	GlobalSection(ExtensibilityGlobals) = postSolution
		SolutionGuid = {1FE3DBEB-96A7-464D-828E-059B1798D148}
	EndGlobalSection
EndGlobal
